
Microsoft Visual Studio Solution File, Format Version 12.00
# Visual Studio 14
VisualStudioVersion = 14.0.25420.1
MinimumVisualStudioVersion = 10.0.40219.1
Project("{FAE04EC0-301F-11D3-BF4B-00C04F79EFBC}") = "EkoopDataSync.UI", "EkoopDataSync\EkoopDataSync.UI.csproj", "{A912729A-A882-4216-81D3-EEE272D6CE39}"
EndProject
Project("{FAE04EC0-301F-11D3-BF4B-00C04F79EFBC}") = "EkoopDataSync.Model", "EkoopDataSync.Model\EkoopDataSync.Model.csproj", "{6CB76A5B-45EF-4525-81C9-1C497333809C}"
EndProject
Global
	GlobalSection(SolutionConfigurationPlatforms) = preSolution
		Debug|Any CPU = Debug|Any CPU
		Release|Any CPU = Release|Any CPU
	EndGlobalSection
	GlobalSection(ProjectConfigurationPlatforms) = postSolution
		{A912729A-A882-4216-81D3-EEE272D6CE39}.Debug|Any CPU.ActiveCfg = Debug|Any CPU
		{A912729A-A882-4216-81D3-EEE272D6CE39}.Debug|Any CPU.Build.0 = Debug|Any CPU
		{A912729A-A882-4216-81D3-EEE272D6CE39}.Release|Any CPU.ActiveCfg = Release|Any CPU
		{A912729A-A882-4216-81D3-EEE272D6CE39}.Release|Any CPU.Build.0 = Release|Any CPU
		{6CB76A5B-45EF-4525-81C9-1C497333809C}.Debug|Any CPU.ActiveCfg = Debug|Any CPU
		{6CB76A5B-45EF-4525-81C9-1C497333809C}.Debug|Any CPU.Build.0 = Debug|Any CPU
		{6CB76A5B-45EF-4525-81C9-1C497333809C}.Release|Any CPU.ActiveCfg = Release|Any CPU
		{6CB76A5B-45EF-4525-81C9-1C497333809C}.Release|Any CPU.Build.0 = Release|Any CPU
	EndGlobalSection
	GlobalSection(SolutionProperties) = preSolution
		HideSolutionNode = FALSE
	EndGlobalSection
EndGlobal
